
Microsoft Visual Studio Solution File, Format Version 12.00
# Visual Studio Version 17
VisualStudioVersion = 17.0.32112.339
MinimumVisualStudioVersion = 10.0.40219.1
Project("{FAE04EC0-301F-11D3-BF4B-00C04F79EFBC}") = "aes_kodavimas", "aes_kodavimas\aes_kodavimas.csproj", "{B426860F-F855-4FFF-957E-08F0C3AD4BFC}"
EndProject
Global
	GlobalSection(SolutionConfigurationPlatforms) = preSolution
		Debug|Any CPU = Debug|Any CPU
		Release|Any CPU = Release|Any CPU
	EndGlobalSection
	GlobalSection(ProjectConfigurationPlatforms) = postSolution
		{B426860F-F855-4FFF-957E-08F0C3AD4BFC}.Debug|Any CPU.ActiveCfg = Debug|Any CPU
		{B426860F-F855-4FFF-957E-08F0C3AD4BFC}.Debug|Any CPU.Build.0 = Debug|Any CPU
		{B426860F-F855-4FFF-957E-08F0C3AD4BFC}.Release|Any CPU.ActiveCfg = Release|Any CPU
		{B426860F-F855-4FFF-957E-08F0C3AD4BFC}.Release|Any CPU.Build.0 = Release|Any CPU
	EndGlobalSection
	GlobalSection(SolutionProperties) = preSolution
		HideSolutionNode = FALSE
	EndGlobalSection
	GlobalSection(ExtensibilityGlobals) = postSolution
		SolutionGuid = {091EBDDD-C505-4FEC-AEB1-DD5CE400F0C5}
	EndGlobalSection
EndGlobal
